
Microsoft Visual Studio Solution File, Format Version 12.00
# Visual Studio Version 17
VisualStudioVersion = 17.10.35122.118
MinimumVisualStudioVersion = 10.0.40219.1
Project("{9A19103F-16F7-4668-BE54-9A1E7A4F7556}") = "BoniyadiInvoice", "BoniyadiInvoice\BoniyadiInvoice.csproj", "{F7F3E28E-B915-43AE-9514-BE8858BD540E}"
EndProject
Project("{9A19103F-16F7-4668-BE54-9A1E7A4F7556}") = "BoniyadiInvoice.API", "BoniyadiInvoice.API\BoniyadiInvoice.API.csproj", "{7ADA9EB6-5C2B-46FE-9934-3ACB4B3F7F2D}"
EndProject
Project("{9A19103F-16F7-4668-BE54-9A1E7A4F7556}") = "BoniyadiInvoice.Domain", "BoniyadiInvoice.Domain\BoniyadiInvoice.Domain.csproj", "{122E1D60-D3B0-44DF-B396-F752143F6F03}"
EndProject
Project("{9A19103F-16F7-4668-BE54-9A1E7A4F7556}") = "BoniyadiInvoice.DataAccess", "BoniyadiInvoice.DataAccess\BoniyadiInvoice.DataAccess.csproj", "{CE6B296C-723C-4396-B51B-9C75236CCE13}"
EndProject
Project("{FAE04EC0-301F-11D3-BF4B-00C04F79EFBC}") = "BoniyadiInvoice.Web", "BoniyadiInvoice.Web\BoniyadiInvoice.Web.csproj", "{1F055C05-4F47-4DC0-B259-A43BF2D3D0F6}"
EndProject
Project("{FAE04EC0-301F-11D3-BF4B-00C04F79EFBC}") = "BoniyadiInvoice.Infrastructure", "BoniyadiInvoice.Infrastructure\BoniyadiInvoice.Infrastructure.csproj", "{ECDD3F54-FDA4-4BD0-A3E6-56BE867DCC04}"
EndProject
Global
	GlobalSection(SolutionConfigurationPlatforms) = preSolution
		Debug|Any CPU = Debug|Any CPU
		Release|Any CPU = Release|Any CPU
	EndGlobalSection
	GlobalSection(ProjectConfigurationPlatforms) = postSolution
		{F7F3E28E-B915-43AE-9514-BE8858BD540E}.Debug|Any CPU.ActiveCfg = Debug|Any CPU
		{F7F3E28E-B915-43AE-9514-BE8858BD540E}.Debug|Any CPU.Build.0 = Debug|Any CPU
		{F7F3E28E-B915-43AE-9514-BE8858BD540E}.Debug|Any CPU.Deploy.0 = Debug|Any CPU
		{F7F3E28E-B915-43AE-9514-BE8858BD540E}.Release|Any CPU.ActiveCfg = Release|Any CPU
		{F7F3E28E-B915-43AE-9514-BE8858BD540E}.Release|Any CPU.Build.0 = Release|Any CPU
		{F7F3E28E-B915-43AE-9514-BE8858BD540E}.Release|Any CPU.Deploy.0 = Release|Any CPU
		{7ADA9EB6-5C2B-46FE-9934-3ACB4B3F7F2D}.Debug|Any CPU.ActiveCfg = Debug|Any CPU
		{7ADA9EB6-5C2B-46FE-9934-3ACB4B3F7F2D}.Debug|Any CPU.Build.0 = Debug|Any CPU
		{7ADA9EB6-5C2B-46FE-9934-3ACB4B3F7F2D}.Release|Any CPU.ActiveCfg = Release|Any CPU
		{7ADA9EB6-5C2B-46FE-9934-3ACB4B3F7F2D}.Release|Any CPU.Build.0 = Release|Any CPU
		{122E1D60-D3B0-44DF-B396-F752143F6F03}.Debug|Any CPU.ActiveCfg = Debug|Any CPU
		{122E1D60-D3B0-44DF-B396-F752143F6F03}.Debug|Any CPU.Build.0 = Debug|Any CPU
		{122E1D60-D3B0-44DF-B396-F752143F6F03}.Release|Any CPU.ActiveCfg = Release|Any CPU
		{122E1D60-D3B0-44DF-B396-F752143F6F03}.Release|Any CPU.Build.0 = Release|Any CPU
		{CE6B296C-723C-4396-B51B-9C75236CCE13}.Debug|Any CPU.ActiveCfg = Debug|Any CPU
		{CE6B296C-723C-4396-B51B-9C75236CCE13}.Debug|Any CPU.Build.0 = Debug|Any CPU
		{CE6B296C-723C-4396-B51B-9C75236CCE13}.Release|Any CPU.ActiveCfg = Release|Any CPU
		{CE6B296C-723C-4396-B51B-9C75236CCE13}.Release|Any CPU.Build.0 = Release|Any CPU
		{1F055C05-4F47-4DC0-B259-A43BF2D3D0F6}.Debug|Any CPU.ActiveCfg = Debug|Any CPU
		{1F055C05-4F47-4DC0-B259-A43BF2D3D0F6}.Debug|Any CPU.Build.0 = Debug|Any CPU
		{1F055C05-4F47-4DC0-B259-A43BF2D3D0F6}.Release|Any CPU.ActiveCfg = Release|Any CPU
		{1F055C05-4F47-4DC0-B259-A43BF2D3D0F6}.Release|Any CPU.Build.0 = Release|Any CPU
		{ECDD3F54-FDA4-4BD0-A3E6-56BE867DCC04}.Debug|Any CPU.ActiveCfg = Debug|Any CPU
		{ECDD3F54-FDA4-4BD0-A3E6-56BE867DCC04}.Debug|Any CPU.Build.0 = Debug|Any CPU
		{ECDD3F54-FDA4-4BD0-A3E6-56BE867DCC04}.Release|Any CPU.ActiveCfg = Release|Any CPU
		{ECDD3F54-FDA4-4BD0-A3E6-56BE867DCC04}.Release|Any CPU.Build.0 = Release|Any CPU
	EndGlobalSection
	GlobalSection(SolutionProperties) = preSolution
		HideSolutionNode = FALSE
	EndGlobalSection
	GlobalSection(ExtensibilityGlobals) = postSolution
		SolutionGuid = {F0515EF4-DC1D-485C-945D-FAE0BEDB929C}
	EndGlobalSection
EndGlobal
